
Microsoft Visual Studio Solution File, Format Version 12.00
# Visual Studio Version 17
VisualStudioVersion = 17.2.32616.157
MinimumVisualStudioVersion = 10.0.40219.1
Project("{FAE04EC0-301F-11D3-BF4B-00C04F79EFBC}") = "LinkedList", "LinkedList\LinkedList.csproj", "{B1FCBD73-4AC2-44EC-9003-9E8115209845}"
EndProject
Global
	GlobalSection(SolutionConfigurationPlatforms) = preSolution
		Debug|Any CPU = Debug|Any CPU
		Release|Any CPU = Release|Any CPU
	EndGlobalSection
	GlobalSection(ProjectConfigurationPlatforms) = postSolution
		{B1FCBD73-4AC2-44EC-9003-9E8115209845}.Debug|Any CPU.ActiveCfg = Debug|Any CPU
		{B1FCBD73-4AC2-44EC-9003-9E8115209845}.Debug|Any CPU.Build.0 = Debug|Any CPU
		{B1FCBD73-4AC2-44EC-9003-9E8115209845}.Release|Any CPU.ActiveCfg = Release|Any CPU
		{B1FCBD73-4AC2-44EC-9003-9E8115209845}.Release|Any CPU.Build.0 = Release|Any CPU
	EndGlobalSection
	GlobalSection(SolutionProperties) = preSolution
		HideSolutionNode = FALSE
	EndGlobalSection
	GlobalSection(ExtensibilityGlobals) = postSolution
		SolutionGuid = {00C1AC68-B6EE-4C3C-A960-5D31F2920695}
	EndGlobalSection
EndGlobal
